
Microsoft Visual Studio Solution File, Format Version 12.00
# Visual Studio Version 16
VisualStudioVersion = 16.0.31019.35
MinimumVisualStudioVersion = 10.0.40219.1
Project("{8BC9CEB8-8B4A-11D0-8D11-00A0C91BC942}") = "FileReader", "FileReader\FileReader.vcxproj", "{CB870E10-AF8C-4A4D-A7F5-882818E0B0CA}"
EndProject
Global
	GlobalSection(SolutionConfigurationPlatforms) = preSolution
		Debug|x64 = Debug|x64
		Debug|x86 = Debug|x86
		Release|x64 = Release|x64
		Release|x86 = Release|x86
	EndGlobalSection
	GlobalSection(ProjectConfigurationPlatforms) = postSolution
		{CB870E10-AF8C-4A4D-A7F5-882818E0B0CA}.Debug|x64.ActiveCfg = Debug|x64
		{CB870E10-AF8C-4A4D-A7F5-882818E0B0CA}.Debug|x64.Build.0 = Debug|x64
		{CB870E10-AF8C-4A4D-A7F5-882818E0B0CA}.Debug|x86.ActiveCfg = Debug|Win32
		{CB870E10-AF8C-4A4D-A7F5-882818E0B0CA}.Debug|x86.Build.0 = Debug|Win32
		{CB870E10-AF8C-4A4D-A7F5-882818E0B0CA}.Release|x64.ActiveCfg = Release|x64
		{CB870E10-AF8C-4A4D-A7F5-882818E0B0CA}.Release|x64.Build.0 = Release|x64
		{CB870E10-AF8C-4A4D-A7F5-882818E0B0CA}.Release|x86.ActiveCfg = Release|Win32
		{CB870E10-AF8C-4A4D-A7F5-882818E0B0CA}.Release|x86.Build.0 = Release|Win32
	EndGlobalSection
	GlobalSection(SolutionProperties) = preSolution
		HideSolutionNode = FALSE
	EndGlobalSection
	GlobalSection(ExtensibilityGlobals) = postSolution
		SolutionGuid = {AC47D45B-A6E3-4AD5-9C50-7D3D87008096}
	EndGlobalSection
EndGlobal
